{
  "name": "generate-place-site",
  "version": "1.0.0",
  "lockfileVersion": 3,
  "requires": true,
  "packages": {
    "": {
      "name": "generate-place-site",
      "version": "1.0.0",
      "license": "ISC",
      "dependencies": {
        "@blinkdotnew/sdk": "2.3.9"
      }
    },
    "node_modules/@blinkdotnew/sdk": {
      "version": "2.3.9",
      "resolved": "https://registry.npmjs.org/@blinkdotnew/sdk/-/sdk-2.3.9.tgz",
      "integrity": "sha512-plDO2fBPdAZDoZufToXkMyTmMg3zMi9i4mKUgiiLFYuBJI9hMJue5r/ssy0rCFXXgR92RoOtoIy189wACiiIkA==",
      "license": "MIT"
    }
  }
}
